
Microsoft Visual Studio Solution File, Format Version 12.00
# Visual Studio Version 16
VisualStudioVersion = 16.0.29230.47
MinimumVisualStudioVersion = 10.0.40219.1
Project("{FAE04EC0-301F-11D3-BF4B-00C04F79EFBC}") = "EDA_BTree", "EDA_BTree\EDA_BTree.csproj", "{A8E78598-1AB6-4FA3-8930-0C1F12FAFA39}"
EndProject
Global
	GlobalSection(SolutionConfigurationPlatforms) = preSolution
		Debug|Any CPU = Debug|Any CPU
		Release|Any CPU = Release|Any CPU
	EndGlobalSection
	GlobalSection(ProjectConfigurationPlatforms) = postSolution
		{A8E78598-1AB6-4FA3-8930-0C1F12FAFA39}.Debug|Any CPU.ActiveCfg = Debug|Any CPU
		{A8E78598-1AB6-4FA3-8930-0C1F12FAFA39}.Debug|Any CPU.Build.0 = Debug|Any CPU
		{A8E78598-1AB6-4FA3-8930-0C1F12FAFA39}.Release|Any CPU.ActiveCfg = Release|Any CPU
		{A8E78598-1AB6-4FA3-8930-0C1F12FAFA39}.Release|Any CPU.Build.0 = Release|Any CPU
	EndGlobalSection
	GlobalSection(SolutionProperties) = preSolution
		HideSolutionNode = FALSE
	EndGlobalSection
	GlobalSection(ExtensibilityGlobals) = postSolution
		SolutionGuid = {2D5334A1-25D6-4459-9D7C-F7CF1C47E382}
	EndGlobalSection
EndGlobal
